{
  "name": "mongodb_index",
  "lockfileVersion": 3,
  "requires": true,
  "packages": {
    "": {
      "dependencies": {
        "bson": "^6.10.4"
      }
    },
    "node_modules/bson": {
      "version": "6.10.4",
      "resolved": "https://registry.npmjs.org/bson/-/bson-6.10.4.tgz",
      "integrity": "sha512-WIsKqkSC0ABoBJuT1LEX+2HEvNmNKKgnTAyd0fL8qzK4SH2i9NXg+t08YtdZp/V9IZ33cxe3iV4yM0qg8lMQng==",
      "license": "Apache-2.0",
      "engines": {
        "node": ">=16.20.1"
      }
    }
  }
}
